{
	"name": "anycable-server",
	"version": "1.0.0",
	"lockfileVersion": 3,
	"requires": true,
	"packages": {
		"": {
			"name": "anycable-server",
			"version": "1.0.0",
			"license": "ISC",
			"devDependencies": {
				"@anycable/anycable-go": "^1.5.2"
			}
		},
		"node_modules/@anycable/anycable-go": {
			"version": "1.5.2",
			"resolved": "https://registry.npmjs.org/@anycable/anycable-go/-/anycable-go-1.5.2.tgz",
			"integrity": "sha512-50v2RvxwiEmob/tUKs1xaO11aREcAS/MJ/FJV30fOVfDv7H08IAQtnLyh96bNy8a4nDtS26yuk/Je//K2aN3Pg==",
			"cpu": [
				"x64",
				"arm64"
			],
			"dev": true,
			"license": "MIT",
			"os": [
				"darwin",
				"linux",
				"win32"
			],
			"dependencies": {
				"node-downloader-helper": "^1.0.18"
			},
			"bin": {
				"anycable-go": "bin/index.mjs"
			},
			"engines": {
				"node": ">=20.0.0"
			}
		},
		"node_modules/node-downloader-helper": {
			"version": "1.0.19",
			"resolved": "https://registry.npmjs.org/node-downloader-helper/-/node-downloader-helper-1.0.19.tgz",
			"integrity": "sha512-Bwp8WWDDP5ftg+FmAKU08a9+oiUTPoYzMvXgUqZZPQ7VMo1qKBzW3XdTXHeYnqjGLfkTZ2GPibgAWpApfpeS2g==",
			"dev": true,
			"license": "MIT",
			"bin": {
				"ndh": "bin/ndh"
			},
			"engines": {
				"node": ">=6.9"
			}
		}
	}
}
